# This file may be used to create an environment using:
# $ conda create --name <env> --file <this file>
# platform: osx-arm64
# created-by: conda 26.3.2
@EXPLICIT
https://conda.anaconda.org/conda-forge/osx-arm64/bzip2-1.0.8-h4e30115_10.conda#8ec22f0ba25cbfc2e64d70cf29459eccd7ffdf6436f6a6ff15bbfef799f7d4f6
https://conda.anaconda.org/conda-forge/noarch/ca-certificates-2026.7.22-hbd8a1cb_0.conda#0a0544cf95f64394fe4959286f5c71f5444ad58feb0602e53becb27448d24da6
https://conda.anaconda.org/conda-forge/osx-arm64/icu-78.3-py310h579977c_2.conda#6cdb5dee54c72e56ab189fb3ad33cb28533553d42590e7e831160248f4416a43
https://conda.anaconda.org/conda-forge/osx-arm64/libbrotlicommon-1.2.0-h1dcdb26_4.conda#8a6e4789a6049dabb41c6fcaf6719232245484d81dfeb199b5abdb95c84c9fc2
https://conda.anaconda.org/conda-forge/osx-arm64/libcxx-23.1.1-h55c6f16_0.conda#3f902803f0fc2643a4f82ff15a06811d974ff5fb6fa8f957720a7ef84e13ad98
https://conda.anaconda.org/conda-forge/osx-arm64/libdeflate-1.25-he7e0567_1.conda#d896f4aa4ce4c590c2838678cb1917356fdb461d2a189991c0280c818c362172
https://conda.anaconda.org/conda-forge/osx-arm64/libexpat-2.8.1-hf6b4638_1.conda#5af74261101e3c777399c6294b2b5d290e508153268eb2e9ff99c4d69834612f
https://conda.anaconda.org/conda-forge/osx-arm64/libffi-3.7.0-h47dc5ef_1.conda#2783389a7b9dda04c62cc54c6bbeb03dd3cef24b3fc642715d02a3fa19464a9a
https://conda.anaconda.org/conda-forge/osx-arm64/libiconv-1.18-he4c29f2_3.conda#689a14968267f2f97c07112fca5636e7d756036b9aee969911267c20bd3eea1f
https://conda.anaconda.org/conda-forge/osx-arm64/libjpeg-turbo-3.2.0-h84a0fba_1.conda#05006418f9392c9b723e8428808db106de0350a497832f95f921b85ff1072310
https://conda.anaconda.org/conda-forge/osx-arm64/liblzma-5.8.3-h8088a28_1.conda#23d0630046a3e8b164d8f80f2b74ed2605af2e7050ab9913018056402fae4311
https://conda.anaconda.org/conda-forge/osx-arm64/libwebp-base-1.6.0-h202fb40_1.conda#0ff54650d470c7e54cbeffdd53a8c063e055a7bcf784388c0385ce5c4741b0f4
https://conda.anaconda.org/conda-forge/osx-arm64/libzlib-1.3.2-h8088a28_3.conda#a18fa5d5bac452401459f966cf0d872224e8080c4ff93c77e168d43ab42ef9d7
https://conda.anaconda.org/conda-forge/osx-arm64/llvm-openmp-23.1.1-hdb3d66b_0.conda#012e606dc31de2e4e173636a2ec13bc9b075498015cb65605b29e4f0bb9e481b
https://conda.anaconda.org/conda-forge/osx-arm64/ncurses-6.6-he64c551_1.conda#7024a48c8c0d0114ed4ab53c76bf9275d50e91ba7cea367a9aead638d3c29c68
https://conda.anaconda.org/conda-forge/osx-arm64/pthread-stubs-0.4-hb001647_1004.conda#3f79452dbda3febaf7053486e4844fa945accf4d74eac4169e2c4d5dc5e4dd0b
https://conda.anaconda.org/conda-forge/noarch/python_abi-3.11-9_cp311.conda#bcfbad269758f4617035314fe379ee655bc2d9db5282e7a00d61450b7cefa3cf
https://conda.anaconda.org/conda-forge/noarch/tzdata-2026c-h151e31d_0.conda#b928c30ddcb0e3f544c6eade8352737e6e610e263276b90232db6a578ef899d8
https://conda.anaconda.org/conda-forge/osx-arm64/xorg-libxau-1.0.12-hb001647_2.conda#cde7cecabb662b435e6537591e5845e870a0648887542d3e538c9f6c20dd6be5
https://conda.anaconda.org/conda-forge/osx-arm64/xorg-libxdmcp-1.1.5-hb001647_2.conda#30240b39d7b956e8f7a8231ffa0c1fce097124e40b3eb48a523d13d3937e3194
https://conda.anaconda.org/conda-forge/osx-arm64/yaml-0.2.5-h74c22ad_3.conda#3e78c43207502418fc5fb2317bbbefe5df8b6fc1051d90bdcd1c881c76bb4193
https://conda.anaconda.org/conda-forge/osx-arm64/_openmp_mutex-4.5-8_kmp_llvm.conda#c7c98ce74f6a7ff25aaa4706d06fa41d63a333add4d697b73aa4d8d2d7ad7651
https://conda.anaconda.org/conda-forge/osx-arm64/lerc-4.2.0-h1eee2c3_0.conda#c97aa17d16d2ac332ba9f184e82ce8f72dcb10e9a10c5f299030be2d44e191b9
https://conda.anaconda.org/conda-forge/osx-arm64/libbrotlidec-1.2.0-h5295a6a_4.conda#4e1f5989561de4546209b42c935795a41fa4265e0b670861480f1adffec623a8
https://conda.anaconda.org/conda-forge/osx-arm64/libbrotlienc-1.2.0-h2ddc9cb_4.conda#4d2da97825b221054a39f492e4dffe361e1931c8381d0367f1e0598a50d02f34
https://conda.anaconda.org/conda-forge/osx-arm64/libpng-1.6.58-hf5e6511_1.conda#f88da60b348ee1f3e1a9c20fe02142fdafe889f08da0b1cc33c1f3f14460239d
https://conda.anaconda.org/conda-forge/osx-arm64/libsqlite-3.53.4-hca69786_1.conda#839b31d4830e896b4d315b551d27f2bb08026bc946df04bcc360d8627c3ba2cd
https://conda.anaconda.org/conda-forge/osx-arm64/libxcb-1.17.0-hbffa61f_2.conda#f55c15b66c8ae27d8e30445193acc049b280eb51a47d6f1753bed5ac2937a217
https://conda.anaconda.org/conda-forge/osx-arm64/libxml2-16-2.15.4-heb56d2d_0.conda#8a26f7c94ab849c1930da36c298f4b82e892382b70ae865cd7274188d9d783e2
https://conda.anaconda.org/conda-forge/osx-arm64/openssl-3.6.4-h55eecbc_0.conda#f23239eacd75c4c50705e68fae1aa3292da473e6a3a4abe2330f1e6afa680704
https://conda.anaconda.org/conda-forge/osx-arm64/qhull-2020.2-h420ef59_5.conda#873ac689484262a51fd79bc6103c1a1bedbf524924d7f0088fb80703042805e4
https://conda.anaconda.org/conda-forge/osx-arm64/readline-8.3-h8b90a29_1.conda#d6782b430e6dce4fe8c7ac118cd988d5a193eb4a7f60741edfaede58016b6110
https://conda.anaconda.org/conda-forge/osx-arm64/zlib-1.3.2-h8088a28_3.conda#ab46d85e4fcffff1b1c5cac517afa40b7ae784cf76fc9da1f55f6a6934291eb6
https://conda.anaconda.org/conda-forge/osx-arm64/zlib-ng-2.3.3-h31dac16_1.conda#489a29915a3e1b425cff4df10a448f55bbaaf29d777a0f8a9e381444e6a284f1
https://conda.anaconda.org/conda-forge/osx-arm64/zstd-1.5.7-hf451053_7.conda#da867f5092eb0cb746d353694f0098031fd9817a4ce7d5743121209ae0f406ca
https://conda.anaconda.org/conda-forge/osx-arm64/brotli-bin-1.2.0-he4a93e4_4.conda#f95bc05d7733d1c78a2077e83c5a05235f8b743b6e2e977c688cdba4d56c4537
https://conda.anaconda.org/conda-forge/osx-arm64/libfreetype6-2.14.3-h2ed5691_2.conda#d9b203d6484ad491b5b5f33d49a9d7a91189d776a9adae53d2b63af18ec11e6a
https://conda.anaconda.org/conda-forge/osx-arm64/libgcc-16.2.0-h3cf6597_5.conda#f1bb2e00832ccfb67fcf66e01005e47d55db2c993a3de7c7b3d07b88edb5ef41
https://conda.anaconda.org/conda-forge/osx-arm64/libtiff-4.7.2-hf67920b_1.conda#847d22a86ae28f66d3888702698254d25bb4eac3a0f64c1fabfb1842ac00be4c
https://conda.anaconda.org/conda-forge/osx-arm64/libxml2-2.15.4-h550178d_0.conda#81217fcd4d4abdc69ee63cdb9cdb22e05a20b9ba7a76f596579914a838fe5960
https://repo.anaconda.com/pkgs/main/osx-arm64/tk-8.6.15-hcd8a7d5_0.conda#d2f8bd6a7c62e4a5104134aff22c983b9b50970b9bbf731214504c613ced8042
https://conda.anaconda.org/conda-forge/osx-arm64/brotli-1.2.0-hf00d406_4.conda#14d8592fefabdc35055b857925fd47b375cb202a15a2914e94dfbbed4fd82c64
https://conda.anaconda.org/conda-forge/osx-arm64/lcms2-2.19.1-hce41798_3.conda#5f9b511f918e13dfddb8495c1764aec894b66c5a88359737aa302b8899ae25fa
https://conda.anaconda.org/conda-forge/osx-arm64/libfreetype-2.14.3-hce30654_2.conda#19ce8bd320414cb6b9889ecbf48a3ded848b0d1068b76ff6bea099bd7387d6f3
https://conda.anaconda.org/conda-forge/osx-arm64/libgfortran5-16.2.0-hdb7a957_5.conda#e0046e236fefb28cdb93edda0acea93199f4f867a1925c26d3f5f0574d8d79c7
https://conda.anaconda.org/conda-forge/osx-arm64/libxslt-1.1.45-haaf9281_1.conda#4b40785bdc7af110db10c9b951ce7f82c515bb371046367f0e397428d2db44f4
https://conda.anaconda.org/conda-forge/osx-arm64/openjpeg-2.5.4-h4d1e80c_2.conda#e71bd04b5d0e39f39a3c039d021d3b76cd65bee3032e7f859ab7082f0ace8be5
https://conda.anaconda.org/conda-forge/osx-arm64/python-3.11.11-hc22306f_2_cpython.conda#6f3c20b8666301fc27e6d1095f1e0f12a093bacf483e992cb56169127e989630
https://conda.anaconda.org/conda-forge/osx-arm64/backports.zstd-1.7.0-py311hdee5a0d_1.conda#e7ddb3f07e6c8324ddb703a20a8bcf4f3fde21eead6de992a3c590d8aee133bd
https://conda.anaconda.org/conda-forge/osx-arm64/brotli-python-1.2.0-py311h9fb86b2_4.conda#a84b80afc7559470dd373c49c65ebf195a0c5f45222c32f4dc138e2d659156fa
https://conda.anaconda.org/conda-forge/noarch/certifi-2026.7.22-pyhd8ed1ab_0.conda#fb167de4388e64e52aa3907ed099afab944c1fa6e5f74b281a312dae1bcf7f3b
https://conda.anaconda.org/conda-forge/noarch/charset-normalizer-3.5.1-pyhd8ed1ab_0.conda#cb60ef3e0631c8bacb4f7057196dee4496091a22baa3bb4b9bccb12c7e1c921b
https://conda.anaconda.org/conda-forge/noarch/cycler-0.12.1-pyhcf101f3_2.conda#bb47aec5338695ff8efbddbc669064a3b10fe34ad881fb8ad5d64fbfa6910ed1
https://conda.anaconda.org/conda-forge/osx-arm64/freetype-2.14.3-hce30654_2.conda#90681f1d0658cb2fd49a074f644eb4774272499290487a4bebb1c4df01d6997b
https://conda.anaconda.org/conda-forge/noarch/hpack-4.2.0-pyhd8ed1ab_0.conda#fdcea5d7cb314485d3907192ef024c704311548c5b0cbeb390cd1951051e29d2
https://conda.anaconda.org/conda-forge/noarch/hyperframe-6.1.0-pyhd8ed1ab_0.conda#77af6f5fe8b62ca07d09ac60127a30d9069fdc3c68d6b256754d0ffb1f7779f8
https://conda.anaconda.org/conda-forge/noarch/idna-3.19-pyhcf101f3_0.conda#1c35a59c1545ad0fdaddf1fbde7bcfa6ef41a8d68c3a2b0b4a291be00676163e
https://conda.anaconda.org/conda-forge/osx-arm64/kiwisolver-1.5.1-py311h96e19ba_1.conda#85bd76cee47b714d2a6be9ed714b8c58af52d00b2d2e70e9d3cc1eff0010259a
https://conda.anaconda.org/conda-forge/osx-arm64/libgfortran-16.2.0-h07b0088_5.conda#8afe97e015b025e71823d8195da6b97c9177b0dedc2d5072fe15ec0f39086f25
https://conda.anaconda.org/conda-forge/osx-arm64/lxml-6.1.3-py311h01deefe_0.conda#af590dc0749ea367d248b023e8831bc3a30f258ca3cf43f6b0d42505777bee2f
https://conda.anaconda.org/conda-forge/noarch/munkres-1.1.4-pyhd8ed1ab_1.conda#d09c47c2cf456de5c09fa66d2c3c5035aa1fa228a1983a433c47b876aa16ce90
https://conda.anaconda.org/conda-forge/noarch/packaging-26.3-pyhc364b38_0.conda#c432626b16768b8dab228bfb706f7060c2d462a21c516d240f68f2f902b5a044
https://conda.anaconda.org/conda-forge/osx-arm64/pillow-12.3.0-py311h5184979_4.conda#050d435fb92b83298cee4d523b9be8572325136ca99ce98404608e68d7a2bbb7
https://conda.anaconda.org/conda-forge/noarch/pyparsing-3.3.2-pyhcf101f3_0.conda#417fba4783e528ee732afa82999300859b065dc59927344b4859c64aae7182de
https://conda.anaconda.org/conda-forge/noarch/pysocks-1.7.1-pyha55dd90_7.conda#ba3b032fa52709ce0d9fd388f63d330a026754587a2f461117cac9ab73d8d0d8
https://conda.anaconda.org/conda-forge/noarch/python-tzdata-2026.3-pyhd8ed1ab_0.conda#3f05db78cf8be33cf6dbc469664b8e3a01f3980d61d6d6bef48669b171896d8a
https://conda.anaconda.org/conda-forge/noarch/pytz-2026.3.post1-pyhcf101f3_0.conda#ad774abda71c759baef515983bfedbba34d56d6227974c23715c04612f812a90
https://conda.anaconda.org/conda-forge/osx-arm64/pyyaml-6.0.3-py311hc290fe0_1.conda#984e73d7957460689e10533059de8adb38a308853d298900a37acc58edd84cec
https://conda.anaconda.org/conda-forge/noarch/setuptools-84.0.0-pyh332efcf_0.conda#9e200ee5f9ff19a4d94e4b51c4856d53dec849f91032f345cf0c6bc3d51a7183
https://conda.anaconda.org/conda-forge/noarch/six-1.17.0-pyhe01879c_1.conda#458227f759d5e3fcec5d9b7acce54e10c9e1f4f4b7ec978f3bfd54ce4ee9853d
https://conda.anaconda.org/conda-forge/osx-arm64/tornado-6.5.8-py311h9f79745_2.conda#55bc96a96093e224d0b2f213c81b77b6effe598bcef250e0c95a7847900a3cb5
https://conda.anaconda.org/conda-forge/osx-arm64/unicodedata2-17.0.1-py311h9f79745_1.conda#ec1e2790df4c6582171f51d2173b215d54c7981eee41fbdd986f47dc7b714f88
https://conda.anaconda.org/conda-forge/osx-arm64/fonttools-4.65.0-py311hde9f260_0.conda#9d57cccfd35c23fc9db8fb617026eeb7cb08bfccddf9ac9bfbcbb05fa5e517dd
https://conda.anaconda.org/conda-forge/noarch/h2-4.4.1-pyhcf101f3_0.conda#307dd6ec90140c3cf4171071b0e5e870abec314f4565c1edd5bc433e942cdcc0
https://conda.anaconda.org/conda-forge/osx-arm64/libopenblas-0.3.34-openmp_h5e6e99c_1.conda#18f167fdaa26f67a123c59766f4730b41866d2c0920b5c29d74a93d3a2e92a96
https://conda.anaconda.org/conda-forge/noarch/python-dateutil-2.9.0.post0-pyhe01879c_2.conda#d6a17ece93bbd5139e02d2bd7dbfa80bee1a4261dced63f65f679121686bf664
https://conda.anaconda.org/conda-forge/noarch/wheel-0.48.0-pyhd8ed1ab_0.conda#ba64b29b6d418024cb565081a1799262cb2780d2534ff4c14f76aa858c4286cd
https://conda.anaconda.org/conda-forge/osx-arm64/libblas-3.11.0-11_h51639a9_openblas.conda#718c3e1a16ad946caeeba041520dc18b7af461226bd8c28faef78b181920dbb4
https://conda.anaconda.org/conda-forge/noarch/pip-26.2.1-pyh8b19718_0.conda#c205bae42eb11b364fe3663a817cbcbc20a8ef544c6b2ff6f391013487117259
https://conda.anaconda.org/conda-forge/noarch/urllib3-2.8.0-pyhd8ed1ab_0.conda#c5511c190ab55168ca412f3c54592fbf677ae6250784cb72b227a7cf3f538f7d
https://conda.anaconda.org/conda-forge/osx-arm64/libcblas-3.11.0-11_hb0561ab_openblas.conda#3cebd672d8bd7c776a381422ea3fc48131343aeda2879974734715ac6a05c292
https://conda.anaconda.org/conda-forge/osx-arm64/liblapack-3.11.0-11_hd9741b5_openblas.conda#e7697df761eeb243272801a8c883dc1de6018a7f738746b443ef1396f0a78075
https://conda.anaconda.org/conda-forge/osx-arm64/numpy-1.26.4-py311h7125741_0.conda#160a52a01fea44fe9753a2ed22cf13d7b55c8a89ea0b8738546fdbf4795d6514
https://conda.anaconda.org/conda-forge/osx-arm64/contourpy-1.3.3-py311h7d85929_4.conda#57b2c28cbb45e7dacb565541483d802a15c6beff5ccdabba19784a526191f4d3
https://conda.anaconda.org/conda-forge/osx-arm64/pandas-2.2.3-py311hca32420_3.conda#2fedf5cec20945d5ce1a5264f06a8adf23bc6b355cef365e92241a3f1f6a6d11
https://conda.anaconda.org/conda-forge/osx-arm64/scipy-1.14.1-py311hf056e50_2.conda#b61b7654fada0093233ca5d7f3017d50edd7c288b4107da2339543de47659a31
https://conda.anaconda.org/conda-forge/osx-arm64/matplotlib-base-3.9.4-py311h031da69_0.conda#c3acf2b1752ff06ca4dcd7222d15a9eca807ad855bdeb0d56499f1ca87c7e086
https://conda.anaconda.org/conda-forge/osx-arm64/matplotlib-3.9.4-py311ha1ab1f8_0.conda#2cb084afcaec7a72a00313e8ec90dac57cfba25ee35652a9c1b76aeca72f9ac5
